
Microsoft Visual Studio Solution File, Format Version 12.00
# Visual Studio Version 17
VisualStudioVersion = 17.14.36511.14 d17.14
MinimumVisualStudioVersion = 10.0.40219.1
Project("{FAE04EC0-301F-11D3-BF4B-00C04F79EFBC}") = "Lab3", "Lab3.csproj", "{406F01D4-F1B4-4920-ACBC-9DEA45AFC37E}"
EndProject
Global
	GlobalSection(SolutionConfigurationPlatforms) = preSolution
		Debug|Any CPU = Debug|Any CPU
		Release|Any CPU = Release|Any CPU
	EndGlobalSection
	GlobalSection(ProjectConfigurationPlatforms) = postSolution
		{406F01D4-F1B4-4920-ACBC-9DEA45AFC37E}.Debug|Any CPU.ActiveCfg = Debug|Any CPU
		{406F01D4-F1B4-4920-ACBC-9DEA45AFC37E}.Debug|Any CPU.Build.0 = Debug|Any CPU
		{406F01D4-F1B4-4920-ACBC-9DEA45AFC37E}.Release|Any CPU.ActiveCfg = Release|Any CPU
		{406F01D4-F1B4-4920-ACBC-9DEA45AFC37E}.Release|Any CPU.Build.0 = Release|Any CPU
	EndGlobalSection
	GlobalSection(SolutionProperties) = preSolution
		HideSolutionNode = FALSE
	EndGlobalSection
	GlobalSection(ExtensibilityGlobals) = postSolution
		SolutionGuid = {5B427958-DDC5-49D1-8032-E98F85D7CE68}
	EndGlobalSection
EndGlobal
